
Microsoft Visual Studio Solution File, Format Version 12.00
# Visual Studio Version 17
VisualStudioVersion = 17.12.35707.178
MinimumVisualStudioVersion = 10.0.40219.1
Project("{FAE04EC0-301F-11D3-BF4B-00C04F79EFBC}") = "HelloGreetingApplication", "HelloGreetingApplication\HelloGreetingApplication.csproj", "{7E3930A1-64E9-4BAD-84B8-9C92A059B27E}"
EndProject
Project("{FAE04EC0-301F-11D3-BF4B-00C04F79EFBC}") = "BusinessLayer", "BusinessLayer\BusinessLayer.csproj", "{293AC7AF-26DE-45A4-A2CE-EF1A2FF6D51A}"
EndProject
Project("{FAE04EC0-301F-11D3-BF4B-00C04F79EFBC}") = "RepositoryLayer", "RepositoryLayer\RepositoryLayer.csproj", "{EF21E570-AAA7-4FB7-B6C3-66FEA5A655F7}"
EndProject
Project("{FAE04EC0-301F-11D3-BF4B-00C04F79EFBC}") = "ModelLayer", "ModelLayer\ModelLayer.csproj", "{5BE72FE1-54DD-42C6-BF3D-0BEE1006B077}"
EndProject
Project("{FAE04EC0-301F-11D3-BF4B-00C04F79EFBC}") = "Middleware", "Middleware\Middleware.csproj", "{7A4347BA-10CF-4FC6-8545-61C56A2A770C}"
EndProject
Global
	GlobalSection(SolutionConfigurationPlatforms) = preSolution
		Debug|Any CPU = Debug|Any CPU
		Release|Any CPU = Release|Any CPU
	EndGlobalSection
	GlobalSection(ProjectConfigurationPlatforms) = postSolution
		{7E3930A1-64E9-4BAD-84B8-9C92A059B27E}.Debug|Any CPU.ActiveCfg = Debug|Any CPU
		{7E3930A1-64E9-4BAD-84B8-9C92A059B27E}.Debug|Any CPU.Build.0 = Debug|Any CPU
		{7E3930A1-64E9-4BAD-84B8-9C92A059B27E}.Release|Any CPU.ActiveCfg = Release|Any CPU
		{7E3930A1-64E9-4BAD-84B8-9C92A059B27E}.Release|Any CPU.Build.0 = Release|Any CPU
		{293AC7AF-26DE-45A4-A2CE-EF1A2FF6D51A}.Debug|Any CPU.ActiveCfg = Debug|Any CPU
		{293AC7AF-26DE-45A4-A2CE-EF1A2FF6D51A}.Debug|Any CPU.Build.0 = Debug|Any CPU
		{293AC7AF-26DE-45A4-A2CE-EF1A2FF6D51A}.Release|Any CPU.ActiveCfg = Release|Any CPU
		{293AC7AF-26DE-45A4-A2CE-EF1A2FF6D51A}.Release|Any CPU.Build.0 = Release|Any CPU
		{EF21E570-AAA7-4FB7-B6C3-66FEA5A655F7}.Debug|Any CPU.ActiveCfg = Debug|Any CPU
		{EF21E570-AAA7-4FB7-B6C3-66FEA5A655F7}.Debug|Any CPU.Build.0 = Debug|Any CPU
		{EF21E570-AAA7-4FB7-B6C3-66FEA5A655F7}.Release|Any CPU.ActiveCfg = Release|Any CPU
		{EF21E570-AAA7-4FB7-B6C3-66FEA5A655F7}.Release|Any CPU.Build.0 = Release|Any CPU
		{5BE72FE1-54DD-42C6-BF3D-0BEE1006B077}.Debug|Any CPU.ActiveCfg = Debug|Any CPU
		{5BE72FE1-54DD-42C6-BF3D-0BEE1006B077}.Debug|Any CPU.Build.0 = Debug|Any CPU
		{5BE72FE1-54DD-42C6-BF3D-0BEE1006B077}.Release|Any CPU.ActiveCfg = Release|Any CPU
		{5BE72FE1-54DD-42C6-BF3D-0BEE1006B077}.Release|Any CPU.Build.0 = Release|Any CPU
		{7A4347BA-10CF-4FC6-8545-61C56A2A770C}.Debug|Any CPU.ActiveCfg = Debug|Any CPU
		{7A4347BA-10CF-4FC6-8545-61C56A2A770C}.Debug|Any CPU.Build.0 = Debug|Any CPU
		{7A4347BA-10CF-4FC6-8545-61C56A2A770C}.Release|Any CPU.ActiveCfg = Release|Any CPU
		{7A4347BA-10CF-4FC6-8545-61C56A2A770C}.Release|Any CPU.Build.0 = Release|Any CPU
	EndGlobalSection
	GlobalSection(SolutionProperties) = preSolution
		HideSolutionNode = FALSE
	EndGlobalSection
EndGlobal
